
Microsoft Visual Studio Solution File, Format Version 12.00
# Visual Studio Version 16
VisualStudioVersion = 16.0.30611.23
MinimumVisualStudioVersion = 10.0.40219.1
Project("{FAE04EC0-301F-11D3-BF4B-00C04F79EFBC}") = "CityTemperatureService", "CityTemperatureService.csproj", "{CA15C4CC-F7DF-4F96-8B69-40B1A1D44E5C}"
EndProject
Project("{FAE04EC0-301F-11D3-BF4B-00C04F79EFBC}") = "Vayu.CityTemperatureServiceLibrary", "..\..\Libraries\CityTemperatureServiceLibrary\Vayu.CityTemperatureServiceLibrary.csproj", "{ACAE0BF5-E173-48AB-ACBB-9F5D5428CD69}"
EndProject
Project("{FAE04EC0-301F-11D3-BF4B-00C04F79EFBC}") = "Vayu.CommonAccessLibrary", "..\..\Libraries\Vayu.CommonAccessLibrary\Vayu.CommonAccessLibrary.csproj", "{FDCDE4A2-E997-4097-8807-E8FE1971D64A}"
EndProject
Global
	GlobalSection(SolutionConfigurationPlatforms) = preSolution
		Debug|Any CPU = Debug|Any CPU
		Release|Any CPU = Release|Any CPU
	EndGlobalSection
	GlobalSection(ProjectConfigurationPlatforms) = postSolution
		{CA15C4CC-F7DF-4F96-8B69-40B1A1D44E5C}.Debug|Any CPU.ActiveCfg = Debug|Any CPU
		{CA15C4CC-F7DF-4F96-8B69-40B1A1D44E5C}.Debug|Any CPU.Build.0 = Debug|Any CPU
		{CA15C4CC-F7DF-4F96-8B69-40B1A1D44E5C}.Release|Any CPU.ActiveCfg = Release|Any CPU
		{CA15C4CC-F7DF-4F96-8B69-40B1A1D44E5C}.Release|Any CPU.Build.0 = Release|Any CPU
		{ACAE0BF5-E173-48AB-ACBB-9F5D5428CD69}.Debug|Any CPU.ActiveCfg = Debug|Any CPU
		{ACAE0BF5-E173-48AB-ACBB-9F5D5428CD69}.Debug|Any CPU.Build.0 = Debug|Any CPU
		{ACAE0BF5-E173-48AB-ACBB-9F5D5428CD69}.Release|Any CPU.ActiveCfg = Release|Any CPU
		{ACAE0BF5-E173-48AB-ACBB-9F5D5428CD69}.Release|Any CPU.Build.0 = Release|Any CPU
		{FDCDE4A2-E997-4097-8807-E8FE1971D64A}.Debug|Any CPU.ActiveCfg = Debug|Any CPU
		{FDCDE4A2-E997-4097-8807-E8FE1971D64A}.Debug|Any CPU.Build.0 = Debug|Any CPU
		{FDCDE4A2-E997-4097-8807-E8FE1971D64A}.Release|Any CPU.ActiveCfg = Release|Any CPU
		{FDCDE4A2-E997-4097-8807-E8FE1971D64A}.Release|Any CPU.Build.0 = Release|Any CPU
	EndGlobalSection
	GlobalSection(SolutionProperties) = preSolution
		HideSolutionNode = FALSE
	EndGlobalSection
	GlobalSection(ExtensibilityGlobals) = postSolution
		SolutionGuid = {DBD62312-93F2-4C30-970C-45C357AD51A4}
	EndGlobalSection
	GlobalSection(SourceCodeControl) = preSolution
		SccNumberOfProjects = 1
		SccProjectUniqueName0 = CityTemperatureService.csproj
		SccProjectName0 = \u0022$/CityTemperatureService/CityTemperatureService/CityTemperatureService/CityTemperatureService/CityTemperatureService\u0022,\u0020MQDAAAAA
		SccLocalPath0 = .
		SccProvider0 = MSSCCI:Microsoft\u0020Visual\u0020SourceSafe
	EndGlobalSection
EndGlobal
