
Microsoft Visual Studio Solution File, Format Version 12.00
# Visual Studio Version 16
VisualStudioVersion = 16.0.33423.256
MinimumVisualStudioVersion = 10.0.40219.1
Project("{FAE04EC0-301F-11D3-BF4B-00C04F79EFBC}") = "Vayu.DAM60DAYBIDS", "Vayu.DAM60DAYBIDS\Vayu.DAM60DAYBIDS.csproj", "{F429B1D8-8AB1-4DBB-A633-61C0006F84E5}"
EndProject
Project("{FAE04EC0-301F-11D3-BF4B-00C04F79EFBC}") = "Vayu.CertificateInfoLibrary", "..\..\Library\Vayu.CertificateInfoLibrary\Vayu.CertificateInfoLibrary.csproj", "{A6622166-2390-4CC0-B646-FCB3C54B6806}"
EndProject
Project("{FAE04EC0-301F-11D3-BF4B-00C04F79EFBC}") = "Vayu.CommonAccessLibrary", "..\..\Library\Vayu.CommonAccessLibrary\Vayu.CommonAccessLibrary\Vayu.CommonAccessLibrary.csproj", "{66820DE1-00F5-48AA-ACB0-D1B1D22298BF}"
EndProject
Global
	GlobalSection(SolutionConfigurationPlatforms) = preSolution
		Debug|Any CPU = Debug|Any CPU
		Release|Any CPU = Release|Any CPU
	EndGlobalSection
	GlobalSection(ProjectConfigurationPlatforms) = postSolution
		{F429B1D8-8AB1-4DBB-A633-61C0006F84E5}.Debug|Any CPU.ActiveCfg = Debug|Any CPU
		{F429B1D8-8AB1-4DBB-A633-61C0006F84E5}.Debug|Any CPU.Build.0 = Debug|Any CPU
		{F429B1D8-8AB1-4DBB-A633-61C0006F84E5}.Release|Any CPU.ActiveCfg = Release|Any CPU
		{F429B1D8-8AB1-4DBB-A633-61C0006F84E5}.Release|Any CPU.Build.0 = Release|Any CPU
		{A6622166-2390-4CC0-B646-FCB3C54B6806}.Debug|Any CPU.ActiveCfg = Debug|Any CPU
		{A6622166-2390-4CC0-B646-FCB3C54B6806}.Debug|Any CPU.Build.0 = Debug|Any CPU
		{A6622166-2390-4CC0-B646-FCB3C54B6806}.Release|Any CPU.ActiveCfg = Release|Any CPU
		{A6622166-2390-4CC0-B646-FCB3C54B6806}.Release|Any CPU.Build.0 = Release|Any CPU
		{66820DE1-00F5-48AA-ACB0-D1B1D22298BF}.Debug|Any CPU.ActiveCfg = Debug|Any CPU
		{66820DE1-00F5-48AA-ACB0-D1B1D22298BF}.Debug|Any CPU.Build.0 = Debug|Any CPU
		{66820DE1-00F5-48AA-ACB0-D1B1D22298BF}.Release|Any CPU.ActiveCfg = Release|Any CPU
		{66820DE1-00F5-48AA-ACB0-D1B1D22298BF}.Release|Any CPU.Build.0 = Release|Any CPU
	EndGlobalSection
	GlobalSection(SolutionProperties) = preSolution
		HideSolutionNode = FALSE
	EndGlobalSection
	GlobalSection(ExtensibilityGlobals) = postSolution
		SolutionGuid = {4994F5CD-5FB1-4310-939B-FCB2BDCB7749}
	EndGlobalSection
EndGlobal
