
Microsoft Visual Studio Solution File, Format Version 12.00
# Visual Studio Version 16
VisualStudioVersion = 16.0.33423.256
MinimumVisualStudioVersion = 10.0.40219.1
Project("{FAE04EC0-301F-11D3-BF4B-00C04F79EFBC}") = "Vayu.DBLibrary", "Vayu.DBLibrary.csproj", "{2B26809B-190E-4BF4-B876-81B2B0814620}"
EndProject
Global
	GlobalSection(SolutionConfigurationPlatforms) = preSolution
		Debug|Any CPU = Debug|Any CPU
		Release|Any CPU = Release|Any CPU
	EndGlobalSection
	GlobalSection(ProjectConfigurationPlatforms) = postSolution
		{2B26809B-190E-4BF4-B876-81B2B0814620}.Debug|Any CPU.ActiveCfg = Debug|Any CPU
		{2B26809B-190E-4BF4-B876-81B2B0814620}.Debug|Any CPU.Build.0 = Debug|Any CPU
		{2B26809B-190E-4BF4-B876-81B2B0814620}.Release|Any CPU.ActiveCfg = Release|Any CPU
		{2B26809B-190E-4BF4-B876-81B2B0814620}.Release|Any CPU.Build.0 = Release|Any CPU
	EndGlobalSection
	GlobalSection(SolutionProperties) = preSolution
		HideSolutionNode = FALSE
	EndGlobalSection
	GlobalSection(ExtensibilityGlobals) = postSolution
		SolutionGuid = {4FF64C01-523A-43D2-8B69-32D8CD0B3B69}
	EndGlobalSection
EndGlobal
