
Microsoft Visual Studio Solution File, Format Version 12.00
# Visual Studio Version 16
VisualStudioVersion = 16.0.30611.23
MinimumVisualStudioVersion = 10.0.40219.1
Project("{FAE04EC0-301F-11D3-BF4B-00C04F79EFBC}") = "Vayu.ErcotCRRMonthlyAuctionResultsDownload", "ErcotMonthlyAuctionResultsDownload\Vayu.ErcotCRRMonthlyAuctionResultsDownload.csproj", "{C02C871A-5A3D-4940-B59E-3AC5D4C05FAA}"
EndProject
Project("{FAE04EC0-301F-11D3-BF4B-00C04F79EFBC}") = "Vayu.CertificateInfoLibrary", "..\..\Library\Vayu.CertificateInfoLibrary\Vayu.CertificateInfoLibrary.csproj", "{A6622166-2390-4CC0-B646-FCB3C54B6806}"
EndProject
Project("{FAE04EC0-301F-11D3-BF4B-00C04F79EFBC}") = "Vayu.CommonAccessLibrary", "..\..\Library\Vayu.CommonAccessLibrary\Vayu.CommonAccessLibrary\Vayu.CommonAccessLibrary.csproj", "{66820DE1-00F5-48AA-ACB0-D1B1D22298BF}"
EndProject
Global
	GlobalSection(SolutionConfigurationPlatforms) = preSolution
		Debug|Any CPU = Debug|Any CPU
		Debug|x86 = Debug|x86
		Release|Any CPU = Release|Any CPU
		Release|x86 = Release|x86
	EndGlobalSection
	GlobalSection(ProjectConfigurationPlatforms) = postSolution
		{C02C871A-5A3D-4940-B59E-3AC5D4C05FAA}.Debug|Any CPU.ActiveCfg = Debug|Any CPU
		{C02C871A-5A3D-4940-B59E-3AC5D4C05FAA}.Debug|Any CPU.Build.0 = Debug|Any CPU
		{C02C871A-5A3D-4940-B59E-3AC5D4C05FAA}.Debug|x86.ActiveCfg = Debug|Any CPU
		{C02C871A-5A3D-4940-B59E-3AC5D4C05FAA}.Release|Any CPU.ActiveCfg = Release|Any CPU
		{C02C871A-5A3D-4940-B59E-3AC5D4C05FAA}.Release|Any CPU.Build.0 = Release|Any CPU
		{C02C871A-5A3D-4940-B59E-3AC5D4C05FAA}.Release|x86.ActiveCfg = Release|Any CPU
		{A6622166-2390-4CC0-B646-FCB3C54B6806}.Debug|Any CPU.ActiveCfg = Debug|Any CPU
		{A6622166-2390-4CC0-B646-FCB3C54B6806}.Debug|Any CPU.Build.0 = Debug|Any CPU
		{A6622166-2390-4CC0-B646-FCB3C54B6806}.Debug|x86.ActiveCfg = Debug|Any CPU
		{A6622166-2390-4CC0-B646-FCB3C54B6806}.Debug|x86.Build.0 = Debug|Any CPU
		{A6622166-2390-4CC0-B646-FCB3C54B6806}.Release|Any CPU.ActiveCfg = Release|Any CPU
		{A6622166-2390-4CC0-B646-FCB3C54B6806}.Release|Any CPU.Build.0 = Release|Any CPU
		{A6622166-2390-4CC0-B646-FCB3C54B6806}.Release|x86.ActiveCfg = Release|Any CPU
		{A6622166-2390-4CC0-B646-FCB3C54B6806}.Release|x86.Build.0 = Release|Any CPU
		{66820DE1-00F5-48AA-ACB0-D1B1D22298BF}.Debug|Any CPU.ActiveCfg = Debug|Any CPU
		{66820DE1-00F5-48AA-ACB0-D1B1D22298BF}.Debug|Any CPU.Build.0 = Debug|Any CPU
		{66820DE1-00F5-48AA-ACB0-D1B1D22298BF}.Debug|x86.ActiveCfg = Debug|Any CPU
		{66820DE1-00F5-48AA-ACB0-D1B1D22298BF}.Debug|x86.Build.0 = Debug|Any CPU
		{66820DE1-00F5-48AA-ACB0-D1B1D22298BF}.Release|Any CPU.ActiveCfg = Release|Any CPU
		{66820DE1-00F5-48AA-ACB0-D1B1D22298BF}.Release|Any CPU.Build.0 = Release|Any CPU
		{66820DE1-00F5-48AA-ACB0-D1B1D22298BF}.Release|x86.ActiveCfg = Release|Any CPU
		{66820DE1-00F5-48AA-ACB0-D1B1D22298BF}.Release|x86.Build.0 = Release|Any CPU
	EndGlobalSection
	GlobalSection(SolutionProperties) = preSolution
		HideSolutionNode = FALSE
	EndGlobalSection
	GlobalSection(ExtensibilityGlobals) = postSolution
		SolutionGuid = {049AE3C0-FB84-46B0-884F-591A5277DD41}
	EndGlobalSection
EndGlobal
