
Microsoft Visual Studio Solution File, Format Version 12.00
# Visual Studio Version 16
VisualStudioVersion = 16.0.30611.23
MinimumVisualStudioVersion = 10.0.40219.1
Project("{FAE04EC0-301F-11D3-BF4B-00C04F79EFBC}") = "Vayu.CRRPNLService", "FTRService\Vayu.CRRPNLService.csproj", "{DED3DC8E-C74F-420D-BDAB-560F5B12270C}"
EndProject
Project("{FAE04EC0-301F-11D3-BF4B-00C04F79EFBC}") = "WindowsService1", "WindowsService1\WindowsService1.csproj", "{67736598-5E30-42F9-9086-174243A76353}"
EndProject
Project("{FAE04EC0-301F-11D3-BF4B-00C04F79EFBC}") = "Vayu.CRRCalculationLibrary", "..\..\..\Libraries\CRRCalculationLibrary\Vayu.CRRCalculationLibrary.csproj", "{85E5258B-A6E0-44B1-9938-25EE49A3BDA6}"
EndProject
Project("{FAE04EC0-301F-11D3-BF4B-00C04F79EFBC}") = "Vayu.DBLibrary", "..\..\..\Libraries\Vayu.DBLibrary\Vayu.DBLibrary.csproj", "{29BED8C7-0832-4B29-81B1-2F9148F6748B}"
EndProject
Project("{FAE04EC0-301F-11D3-BF4B-00C04F79EFBC}") = "Vayu.LMP", "..\..\..\Libraries\Vayu.LMP\Vayu.LMP.csproj", "{C33950FE-8EFD-4360-871C-037DF3D33E9B}"
EndProject
Project("{FAE04EC0-301F-11D3-BF4B-00C04F79EFBC}") = "Vayu.NodeLMPLibrary", "..\..\..\Libraries\NodeLMPLibrary\Vayu.NodeLMPLibrary.csproj", "{14228900-7771-4730-B8C4-9F0A4A26BFBE}"
EndProject
Project("{FAE04EC0-301F-11D3-BF4B-00C04F79EFBC}") = "Vayu.NodePriceLibrary", "..\..\..\Libraries\Vayu.NodePriceLibrary\Vayu.NodePriceLibrary\Vayu.NodePriceLibrary.csproj", "{8B3D3471-5340-48AE-89EE-012557063EEF}"
EndProject
Project("{FAE04EC0-301F-11D3-BF4B-00C04F79EFBC}") = "Vayu.CommonAccessLibrary", "..\..\..\Libraries\Vayu.CommonAccessLibrary\Vayu.CommonAccessLibrary.csproj", "{FDCDE4A2-E997-4097-8807-E8FE1971D64A}"
EndProject
Global
	GlobalSection(SolutionConfigurationPlatforms) = preSolution
		Debug|Any CPU = Debug|Any CPU
		Release|Any CPU = Release|Any CPU
	EndGlobalSection
	GlobalSection(ProjectConfigurationPlatforms) = postSolution
		{DED3DC8E-C74F-420D-BDAB-560F5B12270C}.Debug|Any CPU.ActiveCfg = Debug|Any CPU
		{DED3DC8E-C74F-420D-BDAB-560F5B12270C}.Debug|Any CPU.Build.0 = Debug|Any CPU
		{DED3DC8E-C74F-420D-BDAB-560F5B12270C}.Release|Any CPU.ActiveCfg = Release|Any CPU
		{DED3DC8E-C74F-420D-BDAB-560F5B12270C}.Release|Any CPU.Build.0 = Release|Any CPU
		{67736598-5E30-42F9-9086-174243A76353}.Debug|Any CPU.ActiveCfg = Debug|Any CPU
		{67736598-5E30-42F9-9086-174243A76353}.Debug|Any CPU.Build.0 = Debug|Any CPU
		{67736598-5E30-42F9-9086-174243A76353}.Release|Any CPU.ActiveCfg = Release|Any CPU
		{67736598-5E30-42F9-9086-174243A76353}.Release|Any CPU.Build.0 = Release|Any CPU
		{85E5258B-A6E0-44B1-9938-25EE49A3BDA6}.Debug|Any CPU.ActiveCfg = Debug|Any CPU
		{85E5258B-A6E0-44B1-9938-25EE49A3BDA6}.Debug|Any CPU.Build.0 = Debug|Any CPU
		{85E5258B-A6E0-44B1-9938-25EE49A3BDA6}.Release|Any CPU.ActiveCfg = Release|Any CPU
		{85E5258B-A6E0-44B1-9938-25EE49A3BDA6}.Release|Any CPU.Build.0 = Release|Any CPU
		{29BED8C7-0832-4B29-81B1-2F9148F6748B}.Debug|Any CPU.ActiveCfg = Debug|Any CPU
		{29BED8C7-0832-4B29-81B1-2F9148F6748B}.Debug|Any CPU.Build.0 = Debug|Any CPU
		{29BED8C7-0832-4B29-81B1-2F9148F6748B}.Release|Any CPU.ActiveCfg = Release|Any CPU
		{29BED8C7-0832-4B29-81B1-2F9148F6748B}.Release|Any CPU.Build.0 = Release|Any CPU
		{C33950FE-8EFD-4360-871C-037DF3D33E9B}.Debug|Any CPU.ActiveCfg = Debug|Any CPU
		{C33950FE-8EFD-4360-871C-037DF3D33E9B}.Debug|Any CPU.Build.0 = Debug|Any CPU
		{C33950FE-8EFD-4360-871C-037DF3D33E9B}.Release|Any CPU.ActiveCfg = Release|Any CPU
		{C33950FE-8EFD-4360-871C-037DF3D33E9B}.Release|Any CPU.Build.0 = Release|Any CPU
		{14228900-7771-4730-B8C4-9F0A4A26BFBE}.Debug|Any CPU.ActiveCfg = Debug|Any CPU
		{14228900-7771-4730-B8C4-9F0A4A26BFBE}.Debug|Any CPU.Build.0 = Debug|Any CPU
		{14228900-7771-4730-B8C4-9F0A4A26BFBE}.Release|Any CPU.ActiveCfg = Release|Any CPU
		{14228900-7771-4730-B8C4-9F0A4A26BFBE}.Release|Any CPU.Build.0 = Release|Any CPU
		{8B3D3471-5340-48AE-89EE-012557063EEF}.Debug|Any CPU.ActiveCfg = Debug|Any CPU
		{8B3D3471-5340-48AE-89EE-012557063EEF}.Debug|Any CPU.Build.0 = Debug|Any CPU
		{8B3D3471-5340-48AE-89EE-012557063EEF}.Release|Any CPU.ActiveCfg = Release|Any CPU
		{8B3D3471-5340-48AE-89EE-012557063EEF}.Release|Any CPU.Build.0 = Release|Any CPU
		{FDCDE4A2-E997-4097-8807-E8FE1971D64A}.Debug|Any CPU.ActiveCfg = Debug|Any CPU
		{FDCDE4A2-E997-4097-8807-E8FE1971D64A}.Debug|Any CPU.Build.0 = Debug|Any CPU
		{FDCDE4A2-E997-4097-8807-E8FE1971D64A}.Release|Any CPU.ActiveCfg = Release|Any CPU
		{FDCDE4A2-E997-4097-8807-E8FE1971D64A}.Release|Any CPU.Build.0 = Release|Any CPU
	EndGlobalSection
	GlobalSection(SolutionProperties) = preSolution
		HideSolutionNode = FALSE
	EndGlobalSection
	GlobalSection(ExtensibilityGlobals) = postSolution
		SolutionGuid = {C852FD7A-551A-4F1C-AB0E-BA5FCD232FB2}
	EndGlobalSection
	GlobalSection(SourceCodeControl) = preSolution
		SccNumberOfProjects = 1
		SccProjectUniqueName0 = ..\\..\\..\\Libraries\\Vayu.LMP\\Vayu.LMP.csproj
		SccProjectName0 = \u0022$/Sigma.LMP/Sigma.LMP\u0022,\u0020JVFAAAAA
		SccLocalPath0 = ..\\..\\..\\Libraries
		SccProvider0 = MSSCCI:Microsoft\u0020Visual\u0020SourceSafe
		SccProjectFilePathRelativizedFromConnection0 = Vayu.LMP\\
	EndGlobalSection
EndGlobal
