
Microsoft Visual Studio Solution File, Format Version 12.00
# Visual Studio Version 16
VisualStudioVersion = 16.0.30611.23
MinimumVisualStudioVersion = 10.0.40219.1
Project("{FAE04EC0-301F-11D3-BF4B-00C04F79EFBC}") = "Vayu.NodePriceMonitorServer", "Vayu.NodePriceMonitorServer.csproj", "{B66A5463-154B-465C-BAB5-718E64DD9CC3}"
EndProject
Project("{FAE04EC0-301F-11D3-BF4B-00C04F79EFBC}") = "Vayu.NodePriceMonitorLibrary", "..\..\Library\Vayu.NodePriceMonitorLibrary\Vayu.NodePriceMonitorLibrary.csproj", "{5169B3DD-1D62-47DD-A518-C881876787CD}"
EndProject
Project("{FAE04EC0-301F-11D3-BF4B-00C04F79EFBC}") = "Vayu.WCFServerClientBase", "..\..\Library\WCFServerClientBase\Vayu.WCFServerClientBase.csproj", "{082BA82E-795E-4258-8267-84E642B15DE1}"
EndProject
Project("{FAE04EC0-301F-11D3-BF4B-00C04F79EFBC}") = "Vayu.CommonAccessLibrary", "..\..\Library\Vayu.CommonAccessLibrary\Vayu.CommonAccessLibrary\Vayu.CommonAccessLibrary.csproj", "{66820DE1-00F5-48AA-ACB0-D1B1D22298BF}"
EndProject
Global
	GlobalSection(SolutionConfigurationPlatforms) = preSolution
		Debug|Any CPU = Debug|Any CPU
		Release|Any CPU = Release|Any CPU
	EndGlobalSection
	GlobalSection(ProjectConfigurationPlatforms) = postSolution
		{B66A5463-154B-465C-BAB5-718E64DD9CC3}.Debug|Any CPU.ActiveCfg = Debug|Any CPU
		{B66A5463-154B-465C-BAB5-718E64DD9CC3}.Debug|Any CPU.Build.0 = Debug|Any CPU
		{B66A5463-154B-465C-BAB5-718E64DD9CC3}.Release|Any CPU.ActiveCfg = Release|Any CPU
		{B66A5463-154B-465C-BAB5-718E64DD9CC3}.Release|Any CPU.Build.0 = Release|Any CPU
		{5169B3DD-1D62-47DD-A518-C881876787CD}.Debug|Any CPU.ActiveCfg = Debug|Any CPU
		{5169B3DD-1D62-47DD-A518-C881876787CD}.Debug|Any CPU.Build.0 = Debug|Any CPU
		{5169B3DD-1D62-47DD-A518-C881876787CD}.Release|Any CPU.ActiveCfg = Release|Any CPU
		{5169B3DD-1D62-47DD-A518-C881876787CD}.Release|Any CPU.Build.0 = Release|Any CPU
		{082BA82E-795E-4258-8267-84E642B15DE1}.Debug|Any CPU.ActiveCfg = Debug|Any CPU
		{082BA82E-795E-4258-8267-84E642B15DE1}.Debug|Any CPU.Build.0 = Debug|Any CPU
		{082BA82E-795E-4258-8267-84E642B15DE1}.Release|Any CPU.ActiveCfg = Release|Any CPU
		{082BA82E-795E-4258-8267-84E642B15DE1}.Release|Any CPU.Build.0 = Release|Any CPU
		{66820DE1-00F5-48AA-ACB0-D1B1D22298BF}.Debug|Any CPU.ActiveCfg = Debug|Any CPU
		{66820DE1-00F5-48AA-ACB0-D1B1D22298BF}.Debug|Any CPU.Build.0 = Debug|Any CPU
		{66820DE1-00F5-48AA-ACB0-D1B1D22298BF}.Release|Any CPU.ActiveCfg = Release|Any CPU
		{66820DE1-00F5-48AA-ACB0-D1B1D22298BF}.Release|Any CPU.Build.0 = Release|Any CPU
	EndGlobalSection
	GlobalSection(SolutionProperties) = preSolution
		HideSolutionNode = FALSE
	EndGlobalSection
	GlobalSection(ExtensibilityGlobals) = postSolution
		SolutionGuid = {BD8208C4-0CB8-4033-B0A0-ADC97865474C}
	EndGlobalSection
EndGlobal
