
Microsoft Visual Studio Solution File, Format Version 12.00
# Visual Studio Version 16
VisualStudioVersion = 16.0.28803.352
MinimumVisualStudioVersion = 10.0.40219.1
Project("{FAE04EC0-301F-11D3-BF4B-00C04F79EFBC}") = "Vayu.ErcotWindPowerGenerationvaluesDownloader", "ErcotWindPowerGenerationvaluesDownloader\Vayu.ErcotWindPowerGenerationvaluesDownloader.csproj", "{1B3589B4-81C8-4655-BEEB-9B76AFDD9E20}"
EndProject
Project("{FAE04EC0-301F-11D3-BF4B-00C04F79EFBC}") = "Vayu.CertificateInfoLibrary", "..\..\Library\Vayu.CertificateInfoLibrary\Vayu.CertificateInfoLibrary.csproj", "{A6622166-2390-4CC0-B646-FCB3C54B6806}"
EndProject
Project("{FAE04EC0-301F-11D3-BF4B-00C04F79EFBC}") = "Vayu.CommonAccessLibrary", "..\..\Library\Vayu.CommonAccessLibrary\Vayu.CommonAccessLibrary\Vayu.CommonAccessLibrary.csproj", "{66820DE1-00F5-48AA-ACB0-D1B1D22298BF}"
EndProject
Global
	GlobalSection(SolutionConfigurationPlatforms) = preSolution
		Debug|Any CPU = Debug|Any CPU
		Release|Any CPU = Release|Any CPU
	EndGlobalSection
	GlobalSection(ProjectConfigurationPlatforms) = postSolution
		{1B3589B4-81C8-4655-BEEB-9B76AFDD9E20}.Debug|Any CPU.ActiveCfg = Debug|Any CPU
		{1B3589B4-81C8-4655-BEEB-9B76AFDD9E20}.Debug|Any CPU.Build.0 = Debug|Any CPU
		{1B3589B4-81C8-4655-BEEB-9B76AFDD9E20}.Release|Any CPU.ActiveCfg = Release|Any CPU
		{1B3589B4-81C8-4655-BEEB-9B76AFDD9E20}.Release|Any CPU.Build.0 = Release|Any CPU
		{A6622166-2390-4CC0-B646-FCB3C54B6806}.Debug|Any CPU.ActiveCfg = Debug|Any CPU
		{A6622166-2390-4CC0-B646-FCB3C54B6806}.Debug|Any CPU.Build.0 = Debug|Any CPU
		{A6622166-2390-4CC0-B646-FCB3C54B6806}.Release|Any CPU.ActiveCfg = Release|Any CPU
		{A6622166-2390-4CC0-B646-FCB3C54B6806}.Release|Any CPU.Build.0 = Release|Any CPU
		{66820DE1-00F5-48AA-ACB0-D1B1D22298BF}.Debug|Any CPU.ActiveCfg = Debug|Any CPU
		{66820DE1-00F5-48AA-ACB0-D1B1D22298BF}.Debug|Any CPU.Build.0 = Debug|Any CPU
		{66820DE1-00F5-48AA-ACB0-D1B1D22298BF}.Release|Any CPU.ActiveCfg = Release|Any CPU
		{66820DE1-00F5-48AA-ACB0-D1B1D22298BF}.Release|Any CPU.Build.0 = Release|Any CPU
	EndGlobalSection
	GlobalSection(SolutionProperties) = preSolution
		HideSolutionNode = FALSE
	EndGlobalSection
	GlobalSection(ExtensibilityGlobals) = postSolution
		SolutionGuid = {756BE552-02CA-421C-A326-E97FC9680BB8}
	EndGlobalSection
EndGlobal
