
Microsoft Visual Studio Solution File, Format Version 12.00
# Visual Studio Version 16
VisualStudioVersion = 16.0.33529.622
MinimumVisualStudioVersion = 10.0.40219.1
Project("{FAE04EC0-301F-11D3-BF4B-00C04F79EFBC}") = "Vayu.LatestConstraintInformationService", "Vayu.LatestConstraintInformationService\Vayu.LatestConstraintInformationService.csproj", "{1118AA30-0FE0-408E-8FF4-B5410175FA96}"
EndProject
Project("{FAE04EC0-301F-11D3-BF4B-00C04F79EFBC}") = "Vayu.LatestConstraintsInformationLibrary", "..\..\Library\Vayu.LatestConstraintsInformationLibrary\Vayu.LatestConstraintsInformationLibrary.csproj", "{EF0A4BA8-DB67-4316-8A0B-A79F48A85BE5}"
EndProject
Project("{FAE04EC0-301F-11D3-BF4B-00C04F79EFBC}") = "Vayu.CommonAccessLibrary", "..\..\Library\Vayu.CommonAccessLibrary\Vayu.CommonAccessLibrary\Vayu.CommonAccessLibrary.csproj", "{66820DE1-00F5-48AA-ACB0-D1B1D22298BF}"
EndProject
Global
	GlobalSection(SolutionConfigurationPlatforms) = preSolution
		Debug|Any CPU = Debug|Any CPU
		Release|Any CPU = Release|Any CPU
	EndGlobalSection
	GlobalSection(ProjectConfigurationPlatforms) = postSolution
		{1118AA30-0FE0-408E-8FF4-B5410175FA96}.Debug|Any CPU.ActiveCfg = Debug|Any CPU
		{1118AA30-0FE0-408E-8FF4-B5410175FA96}.Debug|Any CPU.Build.0 = Debug|Any CPU
		{1118AA30-0FE0-408E-8FF4-B5410175FA96}.Release|Any CPU.ActiveCfg = Release|Any CPU
		{1118AA30-0FE0-408E-8FF4-B5410175FA96}.Release|Any CPU.Build.0 = Release|Any CPU
		{EF0A4BA8-DB67-4316-8A0B-A79F48A85BE5}.Debug|Any CPU.ActiveCfg = Debug|Any CPU
		{EF0A4BA8-DB67-4316-8A0B-A79F48A85BE5}.Debug|Any CPU.Build.0 = Debug|Any CPU
		{EF0A4BA8-DB67-4316-8A0B-A79F48A85BE5}.Release|Any CPU.ActiveCfg = Release|Any CPU
		{EF0A4BA8-DB67-4316-8A0B-A79F48A85BE5}.Release|Any CPU.Build.0 = Release|Any CPU
		{66820DE1-00F5-48AA-ACB0-D1B1D22298BF}.Debug|Any CPU.ActiveCfg = Debug|Any CPU
		{66820DE1-00F5-48AA-ACB0-D1B1D22298BF}.Debug|Any CPU.Build.0 = Debug|Any CPU
		{66820DE1-00F5-48AA-ACB0-D1B1D22298BF}.Release|Any CPU.ActiveCfg = Release|Any CPU
		{66820DE1-00F5-48AA-ACB0-D1B1D22298BF}.Release|Any CPU.Build.0 = Release|Any CPU
	EndGlobalSection
	GlobalSection(SolutionProperties) = preSolution
		HideSolutionNode = FALSE
	EndGlobalSection
	GlobalSection(ExtensibilityGlobals) = postSolution
		SolutionGuid = {F7365161-DEEA-4086-AB3D-455CCFF7582D}
	EndGlobalSection
EndGlobal
