
Microsoft Visual Studio Solution File, Format Version 12.00
# Visual Studio Version 16
VisualStudioVersion = 16.0.28803.352
MinimumVisualStudioVersion = 10.0.40219.1
Project("{FAE04EC0-301F-11D3-BF4B-00C04F79EFBC}") = "Vayu.ErcotHourlyOutagesDownload", "ErcotHourlyOutages\Vayu.ErcotHourlyOutagesDownload.csproj", "{7749DEB8-2FC5-4E8F-8EE9-2F4C08077A57}"
EndProject
Project("{FAE04EC0-301F-11D3-BF4B-00C04F79EFBC}") = "Vayu.CommonAccessLibrary", "..\..\..\Library\Vayu.CommonAccessLibrary\Vayu.CommonAccessLibrary\Vayu.CommonAccessLibrary.csproj", "{66820DE1-00F5-48AA-ACB0-D1B1D22298BF}"
EndProject
Global
	GlobalSection(SolutionConfigurationPlatforms) = preSolution
		Debug|Any CPU = Debug|Any CPU
		Release|Any CPU = Release|Any CPU
	EndGlobalSection
	GlobalSection(ProjectConfigurationPlatforms) = postSolution
		{7749DEB8-2FC5-4E8F-8EE9-2F4C08077A57}.Debug|Any CPU.ActiveCfg = Debug|Any CPU
		{7749DEB8-2FC5-4E8F-8EE9-2F4C08077A57}.Debug|Any CPU.Build.0 = Debug|Any CPU
		{7749DEB8-2FC5-4E8F-8EE9-2F4C08077A57}.Release|Any CPU.ActiveCfg = Release|Any CPU
		{7749DEB8-2FC5-4E8F-8EE9-2F4C08077A57}.Release|Any CPU.Build.0 = Release|Any CPU
		{66820DE1-00F5-48AA-ACB0-D1B1D22298BF}.Debug|Any CPU.ActiveCfg = Debug|Any CPU
		{66820DE1-00F5-48AA-ACB0-D1B1D22298BF}.Debug|Any CPU.Build.0 = Debug|Any CPU
		{66820DE1-00F5-48AA-ACB0-D1B1D22298BF}.Release|Any CPU.ActiveCfg = Release|Any CPU
		{66820DE1-00F5-48AA-ACB0-D1B1D22298BF}.Release|Any CPU.Build.0 = Release|Any CPU
	EndGlobalSection
	GlobalSection(SolutionProperties) = preSolution
		HideSolutionNode = FALSE
	EndGlobalSection
	GlobalSection(ExtensibilityGlobals) = postSolution
		SolutionGuid = {D77F91C3-0DD1-4964-9593-8EB2A14B6628}
	EndGlobalSection
EndGlobal
