
Microsoft Visual Studio Solution File, Format Version 12.00
# Visual Studio Version 16
VisualStudioVersion = 16.0.33423.256
MinimumVisualStudioVersion = 10.0.40219.1
Project("{FAE04EC0-301F-11D3-BF4B-00C04F79EFBC}") = "Vayu.DAMSystemLambda", "Vayu.DAMSystemLambda\Vayu.DAMSystemLambda.csproj", "{594278E8-72B5-45DB-94FB-9BCCEF7B31D4}"
EndProject
Project("{FAE04EC0-301F-11D3-BF4B-00C04F79EFBC}") = "Vayu.CertificateInfoLibrary", "..\..\Library\Vayu.CertificateInfoLibrary\Vayu.CertificateInfoLibrary.csproj", "{A6622166-2390-4CC0-B646-FCB3C54B6806}"
EndProject
Project("{FAE04EC0-301F-11D3-BF4B-00C04F79EFBC}") = "Vayu.CommonAccessLibrary", "..\..\Library\Vayu.CommonAccessLibrary\Vayu.CommonAccessLibrary\Vayu.CommonAccessLibrary.csproj", "{66820DE1-00F5-48AA-ACB0-D1B1D22298BF}"
EndProject
Global
	GlobalSection(SolutionConfigurationPlatforms) = preSolution
		Debug|Any CPU = Debug|Any CPU
		Release|Any CPU = Release|Any CPU
	EndGlobalSection
	GlobalSection(ProjectConfigurationPlatforms) = postSolution
		{594278E8-72B5-45DB-94FB-9BCCEF7B31D4}.Debug|Any CPU.ActiveCfg = Debug|Any CPU
		{594278E8-72B5-45DB-94FB-9BCCEF7B31D4}.Debug|Any CPU.Build.0 = Debug|Any CPU
		{594278E8-72B5-45DB-94FB-9BCCEF7B31D4}.Release|Any CPU.ActiveCfg = Release|Any CPU
		{594278E8-72B5-45DB-94FB-9BCCEF7B31D4}.Release|Any CPU.Build.0 = Release|Any CPU
		{A6622166-2390-4CC0-B646-FCB3C54B6806}.Debug|Any CPU.ActiveCfg = Debug|Any CPU
		{A6622166-2390-4CC0-B646-FCB3C54B6806}.Debug|Any CPU.Build.0 = Debug|Any CPU
		{A6622166-2390-4CC0-B646-FCB3C54B6806}.Release|Any CPU.ActiveCfg = Release|Any CPU
		{A6622166-2390-4CC0-B646-FCB3C54B6806}.Release|Any CPU.Build.0 = Release|Any CPU
		{66820DE1-00F5-48AA-ACB0-D1B1D22298BF}.Debug|Any CPU.ActiveCfg = Debug|Any CPU
		{66820DE1-00F5-48AA-ACB0-D1B1D22298BF}.Debug|Any CPU.Build.0 = Debug|Any CPU
		{66820DE1-00F5-48AA-ACB0-D1B1D22298BF}.Release|Any CPU.ActiveCfg = Release|Any CPU
		{66820DE1-00F5-48AA-ACB0-D1B1D22298BF}.Release|Any CPU.Build.0 = Release|Any CPU
	EndGlobalSection
	GlobalSection(SolutionProperties) = preSolution
		HideSolutionNode = FALSE
	EndGlobalSection
	GlobalSection(ExtensibilityGlobals) = postSolution
		SolutionGuid = {E22535C9-230F-462C-8670-5D1DDCC857EC}
	EndGlobalSection
EndGlobal
